lockfileVersion: '9.0'

settings:
  autoInstallPeers: true
  excludeLinksFromLockfile: false

importers:

  .:
    devDependencies:
      openapi-typescript:
        specifier: 7.13.0
        version: 7.13.0(typescript@5.9.3)
      typescript:
        specifier: 5.9.3
        version: 5.9.3
      vue-tsc:
        specifier: 3.3.10
        version: 3.3.10(typescript@5.9.3)

packages:

  '@babel/code-frame@7.29.7':
    resolution: {integrity: sha512-Aup7aUOfpbAUg2ROOJN6Iw5f9DMBlzu0mIkm/malLQFN/YQgO48wCj0Kxa3sEHJvPVFg7siR+qRInwXd2qhQKw==}
    engines: {node: '>=6.9.0'}

  '@babel/helper-string-parser@7.29.7':
    resolution: {integrity: sha512-Pb5ijPrZ89GDH8223L4UP8i6QApWxs04RbPQJTeWDV0/keR2E36MeKnyr6LYmUUvqRRI+Iv87SuF1W6ErINzYw==}
    engines: {node: '>=6.9.0'}

  '@babel/helper-validator-identifier@7.29.7':
    resolution: {integrity: sha512-qehxGkRj55h/ff8EMaJ+cYhyaKlHIxqYDn682wQD7RNp9UujOQsHog2uS0r2vzr4pW+sXf90NeeayjcNaX3fFg==}
    engines: {node: '>=6.9.0'}

  '@babel/parser@7.29.8':
    resolution: {integrity: sha512-E8lTAYNB1KW+FH+VGJuZM1ioAx2E6oVlvQFRrf5P8ZZmsiJXYAD9vTFV7yyEURNzgh1dFqMZuO6tUwcARbqFCA==}
    engines: {node: '>=6.0.0'}
    hasBin: true

  '@babel/types@7.29.8':
    resolution: {integrity: sha512-Vj1jF3cPfxg7OAfoI7QnVKLoILlm2JF9pnVHrX8qx7AHMiYWT+NDAA7jChlNgRS4WTLc/fD1lXLmPixluj+3Gg==}
    engines: {node: '>=6.9.0'}

  '@redocly/ajv@8.11.2':
    resolution: {integrity: sha512-io1JpnwtIcvojV7QKDUSIuMN/ikdOUd1ReEnUnMKGfDVridQZ31J0MmIuqwuRjWDZfmvr+Q0MqCcfHM2gTivOg==}

  '@redocly/config@0.22.0':
    resolution: {integrity: sha512-gAy93Ddo01Z3bHuVdPWfCwzgfaYgMdaZPcfL7JZ7hWJoK9V0lXDbigTWkhiPFAaLWzbOJ+kbUQG1+XwIm0KRGQ==}

  '@redocly/openapi-core@1.34.19':
    resolution: {integrity: sha512-o/0VgsBXgwcY1lyeqcVtSGdTQAPnVggo0fbFVPlxl5XVDKUcVH0OLRqt3CbkwByT5FU305E0iE0O7MzThjDblw==}
    engines: {node: '>=18.17.0', npm: '>=9.5.0'}

  '@volar/language-core@2.4.28':
    resolution: {integrity: sha512-w4qhIJ8ZSitgLAkVay6AbcnC7gP3glYM3fYwKV3srj8m494E3xtrCv6E+bWviiK/8hs6e6t1ij1s2Endql7vzQ==}

  '@volar/source-map@2.4.28':
    resolution: {integrity: sha512-yX2BDBqJkRXfKw8my8VarTyjv48QwxdJtvRgUpNE5erCsgEUdI2DsLbpa+rOQVAJYshY99szEcRDmyHbF10ggQ==}

  '@volar/typescript@2.4.28':
    resolution: {integrity: sha512-Ja6yvWrbis2QtN4ClAKreeUZPVYMARDYZl9LMEv1iQ1QdepB6wn0jTRxA9MftYmYa4DQ4k/DaSZpFPUfxl8giw==}

  '@vue/compiler-core@3.5.42':
    resolution: {integrity: sha512-2Ye1ilMtKXxl8qZUrQ5j0CdgenFp/HFQmta6rfRyfEsTG69L6Wk+tWuNoHYHMx9E8tF2Slvdg1FuwDvAXdy1LQ==}

  '@vue/compiler-dom@3.5.42':
    resolution: {integrity: sha512-qbhQZEFmycr+ni/qyuccS4sucNN7VAbDfbkvNxWOX2VfgFm90MNs3/UhRNKoPMEIVn0F8gdlYjLPvqxHwHeQOA==}

  '@vue/language-core@3.3.10':
    resolution: {integrity: sha512-CR7ByBbgPHqhxrioKPOcZBqttaozzLNwtkCzXQ+uF8gLPHnUe03srPnGpdtHD3zp+bq5iyVkZ1WNx7W564RPwg==}

  '@vue/shared@3.5.42':
    resolution: {integrity: sha512-2rPxex1jQf4jvl9MOHl6YaXCPcrNqz/FstMOEh3QWY+/OME9nQTvl9WYeCwhW7AFjaR0SnngZGlp/wkR6rkI6g==}

  agent-base@7.1.4:
    resolution: {integrity: sha512-MnA+YT8fwfJPgBx3m60MNqakm30XOkyIoH1y6huTQvC0PwZG7ki8NacLBcrPbNoo8vEZy7Jpuk7+jMO+CUovTQ==}
    engines: {node: '>= 14'}

  alien-signals@3.2.1:
    resolution: {integrity: sha512-I8FjmltrfnDFoZedi5CG8DghVYNhzb/Ijluz7tCSJH0xpd0484Kowhbb1XDYOxfJpU1p5wnM2X54dA+IfGyD1g==}

  ansi-colors@4.1.3:
    resolution: {integrity: sha512-/6w/C21Pm1A7aZitlI5Ni/2J6FFQN8i1Cvz3kHABAAbw93v/NlvKdVOqz7CCWz/3iv/JplRSEEZ83XION15ovw==}
    engines: {node: '>=6'}

  argparse@2.0.1:
    resolution: {integrity: sha512-8+9WqebbFzpX9OR+Wa6O29asIogeRMzcGtAINdpMHHyAg10f05aSFVBbcEqGf/PXw1EjAZ+q2/bEBg3DvurK3Q==}

  balanced-match@1.0.2:
    resolution: {integrity: sha512-3oSeUO0TMV67hN1AmbXsK4yaqU7tjiHlbxRDZOpH0KW9+CeX4bRAaX0Anxt0tx2MrpRpWwQaPwIlISEJhYU5Pw==}

  brace-expansion@2.1.4:
    resolution: {integrity: sha512-hGfVzPxthbf3+2yjg/RBs60cB0FhqBS/zvdV/4wn4/BmN0bNMMHPc4V/BbFieqf1TKAGGAHnY4eSjajCl0f2Xg==}

  change-case@5.4.4:
    resolution: {integrity: sha512-HRQyTk2/YPEkt9TnUPbOpr64Uw3KOicFWPVBb+xiHvd6eBx/qPr9xqfBFDT8P2vWsvvz4jbEkfDe71W3VyNu2w==}

  colorette@1.4.0:
    resolution: {integrity: sha512-Y2oEozpomLn7Q3HFP7dpww7AtMJplbM9lGZP6RDfHqmbeRjiwRg4n6VM6j4KLmRke85uWEI7JqF17f3pqdRA0g==}

  debug@4.4.3:
    resolution: {integrity: sha512-RGwwWnwQvkVfavKVt22FGLw+xYSdzARwm0ru6DhTVA3umU5hZc28V3kO4stgYryrTlLpuvgI9GiijltAjNbcqA==}
    engines: {node: '>=6.0'}
    peerDependencies:
      supports-color: '*'
    peerDependenciesMeta:
      supports-color:
        optional: true

  entities@7.0.1:
    resolution: {integrity: sha512-TWrgLOFUQTH994YUyl1yT4uyavY5nNB5muff+RtWaqNVCAK408b5ZnnbNAUEWLTCpum9w6arT70i1XdQ4UeOPA==}
    engines: {node: '>=0.12'}

  estree-walker@2.0.2:
    resolution: {integrity: sha512-Rfkk/Mp/DL7JVje3u18FxFujQlTNR2q6QfMSMB7AvCBx91NGj/ba3kCfza0f6dVDbw7YlRf/nDrn7pQrCCyQ/w==}

  fast-deep-equal@3.1.3:
    resolution: {integrity: sha512-f3qQ9oQy9j2AhBe/H9VC91wLmKBCCU/gDOnKNAYG5hswO7BLKj09Hc5HYNz9cGI++xlpDCIgDaitVs03ATR84Q==}

  https-proxy-agent@7.0.6:
    resolution: {integrity: sha512-vK9P5/iUfdl95AI+JVyUuIcVtd4ofvtrOr3HNtM2yxC9bnMbEdp3x01OhQNnjb8IJYi38VlTE3mBXwcfvywuSw==}
    engines: {node: '>= 14'}

  index-to-position@1.2.0:
    resolution: {integrity: sha512-Yg7+ztRkqslMAS2iFaU+Oa4KTSidr63OsFGlOrJoW981kIYO3CGCS3wA95P1mUi/IVSJkn0D479KTJpVpvFNuw==}
    engines: {node: '>=18'}

  js-levenshtein@1.1.6:
    resolution: {integrity: sha512-X2BB11YZtrRqY4EnQcLX5Rh373zbK4alC1FW7D7MBhL2gtcC17cTnr6DmfHZeS0s2rTHjUTMMHfG7gO8SSdw+g==}
    engines: {node: '>=0.10.0'}

  js-tokens@4.0.0:
    resolution: {integrity: sha512-RdJUflcE3cUzKiMqQgsCu06FPu9UdIJO0beYbPhHN4k6apgJtifcoCtT9bcxOpYBtpD2kCM6Sbzg4CausW/PKQ==}

  js-yaml@4.3.1:
    resolution: {integrity: sha512-CY6crGq313MX8GkwvB7tzgp99vjQxY1++5y10/BKN/GUfHqWaOGQMNZkBvqSzsZKWk/ijwHlWzzkLulsGHhjWQ==}
    hasBin: true

  json-schema-traverse@1.0.0:
    resolution: {integrity: sha512-NM8/P9n3XjXhIZn1lLhkFaACTOURQXjWhV4BA/RnOv8xvgqtqpAX9IO4mRQxSx1Rlo4tqzeqb0sOlruaOy3dug==}

  minimatch@5.1.9:
    resolution: {integrity: sha512-7o1wEA2RyMP7Iu7GNba9vc0RWWGACJOCZBJX2GJWip0ikV+wcOsgVuY9uE8CPiyQhkGFSlhuSkZPavN7u1c2Fw==}
    engines: {node: '>=10'}

  ms@2.1.3:
    resolution: {integrity: sha512-6FlzubTLZG3J2a/NVCAleEhjzq5oxgHyaCU9yYXvcLsvoVaHJq/s5xXI6/XXP6tz7R9xAOtHnSO/tXtF3WRTlA==}

  muggle-string@0.4.1:
    resolution: {integrity: sha512-VNTrAak/KhO2i8dqqnqnAHOa3cYBwXEZe9h+D5h/1ZqFSTEFHdM65lR7RoIqq3tBBYavsOXV84NoHXZ0AkPyqQ==}

  openapi-typescript@7.13.0:
    resolution: {integrity: sha512-EFP392gcqXS7ntPvbhBzbF8TyBA+baIYEm791Hy5YkjDYKTnk/Tn5OQeKm5BIZvJihpp8Zzr4hzx0Irde1LNGQ==}
    hasBin: true
    peerDependencies:
      typescript: ^5.x

  parse-json@8.3.0:
    resolution: {integrity: sha512-ybiGyvspI+fAoRQbIPRddCcSTV9/LsJbf0e/S85VLowVGzRmokfneg2kwVW/KU5rOXrPSbF1qAKPMgNTqqROQQ==}
    engines: {node: '>=18'}

  path-browserify@1.0.1:
    resolution: {integrity: sha512-b7uo2UCUOYZcnF/3ID0lulOJi/bafxa1xPe7ZPsammBSpjSWQkjNxlt635YGS2MiR9GjvuXCtz2emr3jbsz98g==}

  picocolors@1.1.1:
    resolution: {integrity: sha512-xceH2snhtb5M9liqDsmEw56le376mTZkEX/jEb/RxNFyegNul7eNslCXP9FDj/Lcu0X8KEyMceP2ntpaHrDEVA==}

  picomatch@4.0.7:
    resolution: {integrity: sha512-qcJu88Q2IWqJsDD529JKMdwGm/dvInW4HvQnRwiH9JtihJvzGOscDtHE3x1pBKeUOTysQ8kVmLnJ2kJu7yhcGA==}
    engines: {node: '>=12'}

  pluralize@8.0.0:
    resolution: {integrity: sha512-Nc3IT5yHzflTfbjgqWcCPpo7DaKy4FnpB0l/zCAW0Tc7jxAiuqSxHasntB3D7887LSrA93kDJ9IXovxJYxyLCA==}
    engines: {node: '>=4'}

  require-from-string@2.0.2:
    resolution: {integrity: sha512-Xf0nWe6RseziFMu+Ap9biiUbmplq6S9/p+7w7YXP/JBHhrUDDUhwa+vANyubuqfZWTveU//DYVGsDG7RKL/vEw==}
    engines: {node: '>=0.10.0'}

  source-map-js@1.2.1:
    resolution: {integrity: sha512-UXWMKhLOwVKb728IUtQPXxfYU+usdybtUrK/8uGE8CQMvrhOpwvzDBwj0QhSL7MQc7vIsISBG8VQ8+IDQxpfQA==}
    engines: {node: '>=0.10.0'}

  supports-color@10.2.2:
    resolution: {integrity: sha512-SS+jx45GF1QjgEXQx4NJZV9ImqmO2NPz5FNsIHrsDjh2YsHnawpan7SNQ1o8NuhrbHZy9AZhIoCUiCeaW/C80g==}
    engines: {node: '>=18'}

  type-fest@4.41.0:
    resolution: {integrity: sha512-TeTSQ6H5YHvpqVwBRcnLDCBnDOHWYu7IvGbHT6N8AOymcr9PJGjc1GTtiWZTYg0NCgYwvnYWEkVChQAr9bjfwA==}
    engines: {node: '>=16'}

  typescript@5.9.3:
    resolution: {integrity: sha512-jl1vZzPDinLr9eUt3J/t7V6FgNEw9QjvBPdysz9KfQDD41fQrC2Y4vKQdiaUpFT4bXlb1RHhLpp8wtm6M5TgSw==}
    engines: {node: '>=14.17'}
    hasBin: true

  uri-js-replace@1.0.1:
    resolution: {integrity: sha512-W+C9NWNLFOoBI2QWDp4UT9pv65r2w5Cx+3sTYFvtMdDBxkKt1syCqsUdSFAChbEe1uK5TfS04wt/nGwmaeIQ0g==}

  vscode-uri@3.2.0:
    resolution: {integrity: sha512-m2gXo3bn0G1kT9InzMf07fTbqMbGtyckj3bH5ktLO+1Ssv+yiATZ4dhwaQv9UZWxJh6E9IFGnQyjgWVDWVBDrg==}

  vue-tsc@3.3.10:
    resolution: {integrity: sha512-YaDVxcW+CGtaOt3pZahMG5jYPx0hsUTxyEoPOTSMebcGUXP9lIBabQ14vfKMORb2CqqK5CxsNo/d1d+4IQwiKg==}
    hasBin: true
    peerDependencies:
      typescript: '>=5.0.0'

  yaml-ast-parser@0.0.43:
    resolution: {integrity: sha512-2PTINUwsRqSd+s8XxKaJWQlUuEMHJQyEuh2edBbW8KNJz0SJPwUSD2zRWqezFEdN7IzAgeuYHFUCF7o8zRdZ0A==}

  yargs-parser@21.1.1:
    resolution: {integrity: sha512-tVpsJW7DdjecAiFpbIB1e3qxIQsE6NoPc5/eTdrbbIC4h0LVsWhnoa3g+m2HclBIujHzsxZ4VJVA+GUuc2/LBw==}
    engines: {node: '>=12'}

snapshots:

  '@babel/code-frame@7.29.7':
    dependencies:
      '@babel/helper-validator-identifier': 7.29.7
      js-tokens: 4.0.0
      picocolors: 1.1.1

  '@babel/helper-string-parser@7.29.7': {}

  '@babel/helper-validator-identifier@7.29.7': {}

  '@babel/parser@7.29.8':
    dependencies:
      '@babel/types': 7.29.8

  '@babel/types@7.29.8':
    dependencies:
      '@babel/helper-string-parser': 7.29.7
      '@babel/helper-validator-identifier': 7.29.7

  '@redocly/ajv@8.11.2':
    dependencies:
      fast-deep-equal: 3.1.3
      json-schema-traverse: 1.0.0
      require-from-string: 2.0.2
      uri-js-replace: 1.0.1

  '@redocly/config@0.22.0': {}

  '@redocly/openapi-core@1.34.19(supports-color@10.2.2)':
    dependencies:
      '@redocly/ajv': 8.11.2
      '@redocly/config': 0.22.0
      colorette: 1.4.0
      https-proxy-agent: 7.0.6(supports-color@10.2.2)
      js-levenshtein: 1.1.6
      js-yaml: 4.3.1
      minimatch: 5.1.9
      pluralize: 8.0.0
      yaml-ast-parser: 0.0.43
    transitivePeerDependencies:
      - supports-color

  '@volar/language-core@2.4.28':
    dependencies:
      '@volar/source-map': 2.4.28

  '@volar/source-map@2.4.28': {}

  '@volar/typescript@2.4.28':
    dependencies:
      '@volar/language-core': 2.4.28
      path-browserify: 1.0.1
      vscode-uri: 3.2.0

  '@vue/compiler-core@3.5.42':
    dependencies:
      '@babel/parser': 7.29.8
      '@vue/shared': 3.5.42
      entities: 7.0.1
      estree-walker: 2.0.2
      source-map-js: 1.2.1

  '@vue/compiler-dom@3.5.42':
    dependencies:
      '@vue/compiler-core': 3.5.42
      '@vue/shared': 3.5.42

  '@vue/language-core@3.3.10':
    dependencies:
      '@volar/language-core': 2.4.28
      '@vue/compiler-dom': 3.5.42
      '@vue/shared': 3.5.42
      alien-signals: 3.2.1
      muggle-string: 0.4.1
      path-browserify: 1.0.1
      picomatch: 4.0.7

  '@vue/shared@3.5.42': {}

  agent-base@7.1.4: {}

  alien-signals@3.2.1: {}

  ansi-colors@4.1.3: {}

  argparse@2.0.1: {}

  balanced-match@1.0.2: {}

  brace-expansion@2.1.4:
    dependencies:
      balanced-match: 1.0.2

  change-case@5.4.4: {}

  colorette@1.4.0: {}

  debug@4.4.3(supports-color@10.2.2):
    dependencies:
      ms: 2.1.3
    optionalDependencies:
      supports-color: 10.2.2

  entities@7.0.1: {}

  estree-walker@2.0.2: {}

  fast-deep-equal@3.1.3: {}

  https-proxy-agent@7.0.6(supports-color@10.2.2):
    dependencies:
      agent-base: 7.1.4
      debug: 4.4.3(supports-color@10.2.2)
    transitivePeerDependencies:
      - supports-color

  index-to-position@1.2.0: {}

  js-levenshtein@1.1.6: {}

  js-tokens@4.0.0: {}

  js-yaml@4.3.1:
    dependencies:
      argparse: 2.0.1

  json-schema-traverse@1.0.0: {}

  minimatch@5.1.9:
    dependencies:
      brace-expansion: 2.1.4

  ms@2.1.3: {}

  muggle-string@0.4.1: {}

  openapi-typescript@7.13.0(typescript@5.9.3):
    dependencies:
      '@redocly/openapi-core': 1.34.19(supports-color@10.2.2)
      ansi-colors: 4.1.3
      change-case: 5.4.4
      parse-json: 8.3.0
      supports-color: 10.2.2
      typescript: 5.9.3
      yargs-parser: 21.1.1

  parse-json@8.3.0:
    dependencies:
      '@babel/code-frame': 7.29.7
      index-to-position: 1.2.0
      type-fest: 4.41.0

  path-browserify@1.0.1: {}

  picocolors@1.1.1: {}

  picomatch@4.0.7: {}

  pluralize@8.0.0: {}

  require-from-string@2.0.2: {}

  source-map-js@1.2.1: {}

  supports-color@10.2.2: {}

  type-fest@4.41.0: {}

  typescript@5.9.3: {}

  uri-js-replace@1.0.1: {}

  vscode-uri@3.2.0: {}

  vue-tsc@3.3.10(typescript@5.9.3):
    dependencies:
      '@volar/typescript': 2.4.28
      '@vue/language-core': 3.3.10
      typescript: 5.9.3

  yaml-ast-parser@0.0.43: {}

  yargs-parser@21.1.1: {}
