PODS:
  - Alamofire (5.10.2)
  - AppAuth (2.1.0):
    - AppAuth/Core (= 2.1.0)
    - AppAuth/ExternalUserAgent (= 2.1.0)
  - AppAuth/Core (2.1.0)
  - AppAuth/ExternalUserAgent (2.1.0):
    - AppAuth/Core
  - Capacitor (8.5.0):
    - CapacitorCordova
  - CapacitorApp (8.1.1):
    - Capacitor
  - CapacitorBrowser (8.0.4):
    - Capacitor
  - CapacitorCommunityBluetoothLe (8.3.0):
    - Capacitor
  - CapacitorCordova (8.5.0)
  - CapacitorDevice (8.0.3):
    - Capacitor
  - CapacitorGeolocation (8.2.2):
    - Capacitor
    - IONGeolocationLib (= 2.1.0)
  - CapacitorInappbrowser (4.0.2):
    - Capacitor
    - OSInAppBrowserLib (~> 2.3.2)
  - CapacitorPreferences (8.0.1):
    - Capacitor
  - CapacitorZeroconf (4.0.0):
    - Capacitor
  - CapawesomeCapacitorLiveUpdate (8.2.3):
    - Alamofire (~> 5.10.2)
    - Capacitor
    - ZIPFoundation (~> 0.9.0)
  - CapawesomeTeamCapacitorOauth (0.2.0):
    - AppAuth (~> 2.0)
    - Capacitor
  - IONGeolocationLib (2.1.0)
  - OSInAppBrowserLib (2.3.2)
  - ZIPFoundation (0.9.20)

DEPENDENCIES:
  - "Capacitor (from `../../node_modules/.pnpm/@capacitor+ios@8.5.0_@capacitor+core@8.5.0/node_modules/@capacitor/ios`)"
  - "CapacitorApp (from `../../node_modules/.pnpm/@capacitor+app@8.1.1_@capacitor+core@8.5.0/node_modules/@capacitor/app`)"
  - "CapacitorBrowser (from `../../node_modules/.pnpm/@capacitor+browser@8.0.4_@capacitor+core@8.5.0/node_modules/@capacitor/browser`)"
  - "CapacitorCommunityBluetoothLe (from `../../node_modules/.pnpm/@capacitor-community+bluetooth-le@8.3.0_@capacitor+core@8.5.0/node_modules/@capacitor-community/bluetooth-le`)"
  - "CapacitorCordova (from `../../node_modules/.pnpm/@capacitor+ios@8.5.0_@capacitor+core@8.5.0/node_modules/@capacitor/ios`)"
  - "CapacitorDevice (from `../../node_modules/.pnpm/@capacitor+device@8.0.3_@capacitor+core@8.5.0/node_modules/@capacitor/device`)"
  - "CapacitorGeolocation (from `../../node_modules/.pnpm/@capacitor+geolocation@8.2.2_@capacitor+core@8.5.0/node_modules/@capacitor/geolocation`)"
  - "CapacitorInappbrowser (from `../../node_modules/.pnpm/@capacitor+inappbrowser@4.0.2_@capacitor+core@8.5.0/node_modules/@capacitor/inappbrowser`)"
  - "CapacitorPreferences (from `../../node_modules/.pnpm/@capacitor+preferences@8.0.1_@capacitor+core@8.5.0/node_modules/@capacitor/preferences`)"
  - "CapacitorZeroconf (from `../../node_modules/.pnpm/capacitor-zeroconf@4.0.0_@capacitor+core@8.5.0_bonjour@3.5.1/node_modules/capacitor-zeroconf`)"
  - "CapawesomeCapacitorLiveUpdate (from `../../node_modules/.pnpm/@capawesome+capacitor-live-update@https+++codeload.github.com+acvigue+pkgs+tar.gz+42fe0_505b58c0bde189ff8f51c15a6d9fb41a/node_modules/@capawesome/capacitor-live-update`)"
  - "CapawesomeTeamCapacitorOauth (from `../../node_modules/.pnpm/@capawesome-team+capacitor-oauth@https+++codeload.github.com+acvigue+pkgs+tar.gz+42fe02_ad47c26bf3e15aab4ce0353ead836126/node_modules/@capawesome-team/capacitor-oauth`)"

SPEC REPOS:
  trunk:
    - Alamofire
    - AppAuth
    - IONGeolocationLib
    - OSInAppBrowserLib
    - ZIPFoundation

EXTERNAL SOURCES:
  Capacitor:
    :path: "../../node_modules/.pnpm/@capacitor+ios@8.5.0_@capacitor+core@8.5.0/node_modules/@capacitor/ios"
  CapacitorApp:
    :path: "../../node_modules/.pnpm/@capacitor+app@8.1.1_@capacitor+core@8.5.0/node_modules/@capacitor/app"
  CapacitorBrowser:
    :path: "../../node_modules/.pnpm/@capacitor+browser@8.0.4_@capacitor+core@8.5.0/node_modules/@capacitor/browser"
  CapacitorCommunityBluetoothLe:
    :path: "../../node_modules/.pnpm/@capacitor-community+bluetooth-le@8.3.0_@capacitor+core@8.5.0/node_modules/@capacitor-community/bluetooth-le"
  CapacitorCordova:
    :path: "../../node_modules/.pnpm/@capacitor+ios@8.5.0_@capacitor+core@8.5.0/node_modules/@capacitor/ios"
  CapacitorDevice:
    :path: "../../node_modules/.pnpm/@capacitor+device@8.0.3_@capacitor+core@8.5.0/node_modules/@capacitor/device"
  CapacitorGeolocation:
    :path: "../../node_modules/.pnpm/@capacitor+geolocation@8.2.2_@capacitor+core@8.5.0/node_modules/@capacitor/geolocation"
  CapacitorInappbrowser:
    :path: "../../node_modules/.pnpm/@capacitor+inappbrowser@4.0.2_@capacitor+core@8.5.0/node_modules/@capacitor/inappbrowser"
  CapacitorPreferences:
    :path: "../../node_modules/.pnpm/@capacitor+preferences@8.0.1_@capacitor+core@8.5.0/node_modules/@capacitor/preferences"
  CapacitorZeroconf:
    :path: "../../node_modules/.pnpm/capacitor-zeroconf@4.0.0_@capacitor+core@8.5.0_bonjour@3.5.1/node_modules/capacitor-zeroconf"
  CapawesomeCapacitorLiveUpdate:
    :path: "../../node_modules/.pnpm/@capawesome+capacitor-live-update@https+++codeload.github.com+acvigue+pkgs+tar.gz+42fe0_505b58c0bde189ff8f51c15a6d9fb41a/node_modules/@capawesome/capacitor-live-update"
  CapawesomeTeamCapacitorOauth:
    :path: "../../node_modules/.pnpm/@capawesome-team+capacitor-oauth@https+++codeload.github.com+acvigue+pkgs+tar.gz+42fe02_ad47c26bf3e15aab4ce0353ead836126/node_modules/@capawesome-team/capacitor-oauth"

SPEC CHECKSUMS:
  Alamofire: 7193b3b92c74a07f85569e1a6c4f4237291e7496
  AppAuth: ef4da5a3fc2e10b90c09a0a94a9baeaedc0341d5
  Capacitor: 00b87168591cc006ea6f5c0de681ec5c39a2c8eb
  CapacitorApp: 305bd13c44f6f9d164e2ee66a4faa956ed8c0e06
  CapacitorBrowser: 752e0208aa07c7aa63d1f7cde895a3e9519b2656
  CapacitorCommunityBluetoothLe: f9c76baa5338d206b7418c48d945d93d47800af3
  CapacitorCordova: 9d3acbb574048e7167d2af127a0af2123e619f2f
  CapacitorDevice: 708e742b60a61572cd593e44c809592e8f31da14
  CapacitorGeolocation: 327f18983c8f8a55e191fcf7dee80b9294f1ab78
  CapacitorInappbrowser: 8f4ee0ca515580efa515c92aed765d0c1c339c58
  CapacitorPreferences: cca2021f386efb75947c850334447d9ff22b14f1
  CapacitorZeroconf: 32e19c259908ca1b97af27aeff25c26b8e948021
  CapawesomeCapacitorLiveUpdate: dddec08ed1086d61328823e20fdc52946241796f
  CapawesomeTeamCapacitorOauth: f9bc3ba2ca896bdebab51ed1ab072ca8c10664eb
  IONGeolocationLib: 6a7b6f76063fb1b01cfb14fae7d0f526e3c9b271
  OSInAppBrowserLib: c21c8fa3d886654d2f553b9f1bded9d27a0530c7
  ZIPFoundation: dfd3d681c4053ff7e2f7350bc4e53b5dba3f5351

PODFILE CHECKSUM: 39c3c6bfe8c016f0fdb1f26668e6c82cf750d1f8

COCOAPODS: 1.16.2
